
Microsoft Visual Studio Solution File, Format Version 12.00
# Visual Studio Version 17
VisualStudioVersion = 17.5.33502.453
MinimumVisualStudioVersion = 10.0.40219.1
Project("{FAE04EC0-301F-11D3-BF4B-00C04F79EFBC}") = "LeaveManagement.Web", "LeaveManagement.Web\LeaveManagement.Web.csproj", "{EA500F03-4559-4435-8545-32CC10DED36C}"
EndProject
Global
	GlobalSection(SolutionConfigurationPlatforms) = preSolution
		Debug|Any CPU = Debug|Any CPU
		Release|Any CPU = Release|Any CPU
	EndGlobalSection
	GlobalSection(ProjectConfigurationPlatforms) = postSolution
		{EA500F03-4559-4435-8545-32CC10DED36C}.Debug|Any CPU.ActiveCfg = Debug|Any CPU
		{EA500F03-4559-4435-8545-32CC10DED36C}.Debug|Any CPU.Build.0 = Debug|Any CPU
		{EA500F03-4559-4435-8545-32CC10DED36C}.Release|Any CPU.ActiveCfg = Release|Any CPU
		{EA500F03-4559-4435-8545-32CC10DED36C}.Release|Any CPU.Build.0 = Release|Any CPU
	EndGlobalSection
	GlobalSection(SolutionProperties) = preSolution
		HideSolutionNode = FALSE
	EndGlobalSection
	GlobalSection(ExtensibilityGlobals) = postSolution
		SolutionGuid = {F8783A0B-2294-4EDD-9220-F7D8271FDE1E}
	EndGlobalSection
EndGlobal
